<Solution>
  <Project Path="Assembly-CSharp-firstpass.csproj" />
  <Project Path="Assembly-CSharp.csproj" />
  <Project Path="spine-unity.csproj" />
  <Project Path="spine-csharp.csproj" />
  <Project Path="com.Brogrammist.JSAM.csproj" />
  <Project Path="spine-unity-editor.csproj" />
  <Project Path="com.Brogrammist.JSAM.Editor.csproj" />
  <Project Path="HQ.UIManager.csproj" />
  <Project Path="Assembly-CSharp-Editor-firstpass.csproj" />
  <Project Path="Assembly-CSharp-Editor.csproj" />
</Solution>
