<Solution>
  <Project Path="Assembly-CSharp-firstpass.csproj" />
  <Project Path="Assembly-CSharp.csproj" />
  <Project Path="AO.Ads.csproj" />
  <Project Path="spine-unity.csproj" />
  <Project Path="spine-csharp.csproj" />
  <Project Path="com.Brogrammist.JSAM.csproj" />
  <Project Path="Google.Play.Games.csproj" />
  <Project Path="spine-unity-editor.csproj" />
  <Project Path="MaxSdk.Scripts.csproj" />
  <Project Path="com.Brogrammist.JSAM.Editor.csproj" />
  <Project Path="MagicPixel.Editor.csproj" />
  <Project Path="Unity.Services.CloudCode.GeneratedBindings.csproj" />
  <Project Path="HQ.UIManager.csproj" />
  <Project Path="AMSUISoftMask.csproj" />
  <Project Path="Assembly-CSharp-Editor-firstpass.csproj" />
  <Project Path="MaxSdk.Scripts.IntegrationManager.Editor.csproj" />
  <Project Path="Google.Play.Games.Editor.csproj" />
  <Project Path="Assembly-CSharp-Editor.csproj" />
  <Project Path="MagicPixel.ThreeD.csproj" />
  <Project Path="joy.unity.editor.ads.csproj" />
</Solution>
